
Microsoft Visual Studio Solution File, Format Version 12.00
# Visual Studio Version 16
VisualStudioVersion = 16.0.30907.101
MinimumVisualStudioVersion = 10.0.40219.1
Project("{9A19103F-16F7-4668-BE54-9A1E7A4F7556}") = "ApiPruebas", "ApiPruebas\ApiPruebas.csproj", "{9E907D5C-BC55-44AB-919C-851D360FCE39}"
EndProject
Project("{9A19103F-16F7-4668-BE54-9A1E7A4F7556}") = "Common.Models", "Common.Models\Common.Models.csproj", "{9C51565E-E06D-47F5-8DB8-F054D7409FF7}"
EndProject
Global
	GlobalSection(SolutionConfigurationPlatforms) = preSolution
		Debug|Any CPU = Debug|Any CPU
		Release|Any CPU = Release|Any CPU
	EndGlobalSection
	GlobalSection(ProjectConfigurationPlatforms) = postSolution
		{9E907D5C-BC55-44AB-919C-851D360FCE39}.Debug|Any CPU.ActiveCfg = Debug|Any CPU
		{9E907D5C-BC55-44AB-919C-851D360FCE39}.Debug|Any CPU.Build.0 = Debug|Any CPU
		{9E907D5C-BC55-44AB-919C-851D360FCE39}.Release|Any CPU.ActiveCfg = Release|Any CPU
		{9E907D5C-BC55-44AB-919C-851D360FCE39}.Release|Any CPU.Build.0 = Release|Any CPU
		{9C51565E-E06D-47F5-8DB8-F054D7409FF7}.Debug|Any CPU.ActiveCfg = Debug|Any CPU
		{9C51565E-E06D-47F5-8DB8-F054D7409FF7}.Debug|Any CPU.Build.0 = Debug|Any CPU
		{9C51565E-E06D-47F5-8DB8-F054D7409FF7}.Release|Any CPU.ActiveCfg = Release|Any CPU
		{9C51565E-E06D-47F5-8DB8-F054D7409FF7}.Release|Any CPU.Build.0 = Release|Any CPU
	EndGlobalSection
	GlobalSection(SolutionProperties) = preSolution
		HideSolutionNode = FALSE
	EndGlobalSection
	GlobalSection(ExtensibilityGlobals) = postSolution
		SolutionGuid = {219E99F7-AB18-4A79-A3B8-5BC0FF694FBA}
	EndGlobalSection
EndGlobal
